
Microsoft Visual Studio Solution File, Format Version 12.00
# Visual Studio 2013
VisualStudioVersion = 12.0.40629.0
MinimumVisualStudioVersion = 10.0.40219.1
Project("{FAE04EC0-301F-11D3-BF4B-00C04F79EFBC}") = "BitmapReaction", "BitmapReaction\BitmapReaction.csproj", "{C423A574-5C61-44CF-9252-87E2075CA340}"
EndProject
Global
	GlobalSection(SolutionConfigurationPlatforms) = preSolution
		Debug|Any CPU = Debug|Any CPU
		Release|Any CPU = Release|Any CPU
	EndGlobalSection
	GlobalSection(ProjectConfigurationPlatforms) = postSolution
		{C423A574-5C61-44CF-9252-87E2075CA340}.Debug|Any CPU.ActiveCfg = Debug|Any CPU
		{C423A574-5C61-44CF-9252-87E2075CA340}.Debug|Any CPU.Build.0 = Debug|Any CPU
		{C423A574-5C61-44CF-9252-87E2075CA340}.Release|Any CPU.ActiveCfg = Release|Any CPU
		{C423A574-5C61-44CF-9252-87E2075CA340}.Release|Any CPU.Build.0 = Release|Any CPU
	EndGlobalSection
	GlobalSection(SolutionProperties) = preSolution
		HideSolutionNode = FALSE
	EndGlobalSection
EndGlobal
