
Microsoft Visual Studio Solution File, Format Version 12.00
# Visual Studio 2013
VisualStudioVersion = 12.0.40629.0
MinimumVisualStudioVersion = 10.0.40219.1
Project("{FAE04EC0-301F-11D3-BF4B-00C04F79EFBC}") = "SpeechTest", "SpeechTest\SpeechTest.csproj", "{007E02AA-AB58-4655-9E4C-55ECE7CE9ADB}"
EndProject
Global
	GlobalSection(SolutionConfigurationPlatforms) = preSolution
		Debug|Any CPU = Debug|Any CPU
		Release|Any CPU = Release|Any CPU
	EndGlobalSection
	GlobalSection(ProjectConfigurationPlatforms) = postSolution
		{007E02AA-AB58-4655-9E4C-55ECE7CE9ADB}.Debug|Any CPU.ActiveCfg = Debug|Any CPU
		{007E02AA-AB58-4655-9E4C-55ECE7CE9ADB}.Debug|Any CPU.Build.0 = Debug|Any CPU
		{007E02AA-AB58-4655-9E4C-55ECE7CE9ADB}.Release|Any CPU.ActiveCfg = Release|Any CPU
		{007E02AA-AB58-4655-9E4C-55ECE7CE9ADB}.Release|Any CPU.Build.0 = Release|Any CPU
	EndGlobalSection
	GlobalSection(SolutionProperties) = preSolution
		HideSolutionNode = FALSE
	EndGlobalSection
EndGlobal
